
Microsoft Visual Studio Solution File, Format Version 12.00
# Visual Studio Version 16
VisualStudioVersion = 16.0.32407.337
MinimumVisualStudioVersion = 10.0.40219.1
Project("{FAE04EC0-301F-11D3-BF4B-00C04F79EFBC}") = "PokemonUsuario", "PokemonUsuario\PokemonUsuario.csproj", "{A56C2C30-6D7E-4AE2-B122-746887510F7D}"
EndProject
Global
	GlobalSection(SolutionConfigurationPlatforms) = preSolution
		Debug|Any CPU = Debug|Any CPU
		Release|Any CPU = Release|Any CPU
	EndGlobalSection
	GlobalSection(ProjectConfigurationPlatforms) = postSolution
		{A56C2C30-6D7E-4AE2-B122-746887510F7D}.Debug|Any CPU.ActiveCfg = Debug|Any CPU
		{A56C2C30-6D7E-4AE2-B122-746887510F7D}.Debug|Any CPU.Build.0 = Debug|Any CPU
		{A56C2C30-6D7E-4AE2-B122-746887510F7D}.Release|Any CPU.ActiveCfg = Release|Any CPU
		{A56C2C30-6D7E-4AE2-B122-746887510F7D}.Release|Any CPU.Build.0 = Release|Any CPU
	EndGlobalSection
	GlobalSection(SolutionProperties) = preSolution
		HideSolutionNode = FALSE
	EndGlobalSection
	GlobalSection(ExtensibilityGlobals) = postSolution
		SolutionGuid = {3E974757-636C-43AF-B648-B98632B90D18}
	EndGlobalSection
EndGlobal
